
Microsoft Visual Studio Solution File, Format Version 12.00
# Visual Studio Version 16
VisualStudioVersion = 16.0.28803.202
MinimumVisualStudioVersion = 15.0.26124.0
Project("{9A19103F-16F7-4668-BE54-9A1E7A4F7556}") = "IdentityServer", "IdentityServer\IdentityServer.csproj", "{8E1DE2B3-6C9B-46D6-A02F-655957908AC0}"
EndProject
Project("{9A19103F-16F7-4668-BE54-9A1E7A4F7556}") = "Api", "Api\Api.csproj", "{57965FDA-F2A7-477E-82DF-3610DC51DC68}"
EndProject
Project("{9A19103F-16F7-4668-BE54-9A1E7A4F7556}") = "BusinessLogic", "BusinessLogic\BusinessLogic.csproj", "{BA88C982-72CE-4A11-BB6D-5251CAB3F98D}"
EndProject
Global
	GlobalSection(SolutionConfigurationPlatforms) = preSolution
		Debug|Any CPU = Debug|Any CPU
		Debug|x64 = Debug|x64
		Debug|x86 = Debug|x86
		Release|Any CPU = Release|Any CPU
		Release|x64 = Release|x64
		Release|x86 = Release|x86
	EndGlobalSection
	GlobalSection(ProjectConfigurationPlatforms) = postSolution
		{8E1DE2B3-6C9B-46D6-A02F-655957908AC0}.Debug|Any CPU.ActiveCfg = Debug|Any CPU
		{8E1DE2B3-6C9B-46D6-A02F-655957908AC0}.Debug|Any CPU.Build.0 = Debug|Any CPU
		{8E1DE2B3-6C9B-46D6-A02F-655957908AC0}.Debug|x64.ActiveCfg = Debug|Any CPU
		{8E1DE2B3-6C9B-46D6-A02F-655957908AC0}.Debug|x64.Build.0 = Debug|Any CPU
		{8E1DE2B3-6C9B-46D6-A02F-655957908AC0}.Debug|x86.ActiveCfg = Debug|Any CPU
		{8E1DE2B3-6C9B-46D6-A02F-655957908AC0}.Debug|x86.Build.0 = Debug|Any CPU
		{8E1DE2B3-6C9B-46D6-A02F-655957908AC0}.Release|Any CPU.ActiveCfg = Release|Any CPU
		{8E1DE2B3-6C9B-46D6-A02F-655957908AC0}.Release|Any CPU.Build.0 = Release|Any CPU
		{8E1DE2B3-6C9B-46D6-A02F-655957908AC0}.Release|x64.ActiveCfg = Release|Any CPU
		{8E1DE2B3-6C9B-46D6-A02F-655957908AC0}.Release|x64.Build.0 = Release|Any CPU
		{8E1DE2B3-6C9B-46D6-A02F-655957908AC0}.Release|x86.ActiveCfg = Release|Any CPU
		{8E1DE2B3-6C9B-46D6-A02F-655957908AC0}.Release|x86.Build.0 = Release|Any CPU
		{57965FDA-F2A7-477E-82DF-3610DC51DC68}.Debug|Any CPU.ActiveCfg = Debug|Any CPU
		{57965FDA-F2A7-477E-82DF-3610DC51DC68}.Debug|Any CPU.Build.0 = Debug|Any CPU
		{57965FDA-F2A7-477E-82DF-3610DC51DC68}.Debug|x64.ActiveCfg = Debug|Any CPU
		{57965FDA-F2A7-477E-82DF-3610DC51DC68}.Debug|x64.Build.0 = Debug|Any CPU
		{57965FDA-F2A7-477E-82DF-3610DC51DC68}.Debug|x86.ActiveCfg = Debug|Any CPU
		{57965FDA-F2A7-477E-82DF-3610DC51DC68}.Debug|x86.Build.0 = Debug|Any CPU
		{57965FDA-F2A7-477E-82DF-3610DC51DC68}.Release|Any CPU.ActiveCfg = Release|Any CPU
		{57965FDA-F2A7-477E-82DF-3610DC51DC68}.Release|Any CPU.Build.0 = Release|Any CPU
		{57965FDA-F2A7-477E-82DF-3610DC51DC68}.Release|x64.ActiveCfg = Release|Any CPU
		{57965FDA-F2A7-477E-82DF-3610DC51DC68}.Release|x64.Build.0 = Release|Any CPU
		{57965FDA-F2A7-477E-82DF-3610DC51DC68}.Release|x86.ActiveCfg = Release|Any CPU
		{57965FDA-F2A7-477E-82DF-3610DC51DC68}.Release|x86.Build.0 = Release|Any CPU
		{BA88C982-72CE-4A11-BB6D-5251CAB3F98D}.Debug|Any CPU.ActiveCfg = Debug|Any CPU
		{BA88C982-72CE-4A11-BB6D-5251CAB3F98D}.Debug|Any CPU.Build.0 = Debug|Any CPU
		{BA88C982-72CE-4A11-BB6D-5251CAB3F98D}.Debug|x64.ActiveCfg = Debug|Any CPU
		{BA88C982-72CE-4A11-BB6D-5251CAB3F98D}.Debug|x64.Build.0 = Debug|Any CPU
		{BA88C982-72CE-4A11-BB6D-5251CAB3F98D}.Debug|x86.ActiveCfg = Debug|Any CPU
		{BA88C982-72CE-4A11-BB6D-5251CAB3F98D}.Debug|x86.Build.0 = Debug|Any CPU
		{BA88C982-72CE-4A11-BB6D-5251CAB3F98D}.Release|Any CPU.ActiveCfg = Release|Any CPU
		{BA88C982-72CE-4A11-BB6D-5251CAB3F98D}.Release|Any CPU.Build.0 = Release|Any CPU
		{BA88C982-72CE-4A11-BB6D-5251CAB3F98D}.Release|x64.ActiveCfg = Release|Any CPU
		{BA88C982-72CE-4A11-BB6D-5251CAB3F98D}.Release|x64.Build.0 = Release|Any CPU
		{BA88C982-72CE-4A11-BB6D-5251CAB3F98D}.Release|x86.ActiveCfg = Release|Any CPU
		{BA88C982-72CE-4A11-BB6D-5251CAB3F98D}.Release|x86.Build.0 = Release|Any CPU
	EndGlobalSection
	GlobalSection(SolutionProperties) = preSolution
		HideSolutionNode = FALSE
	EndGlobalSection
	GlobalSection(ExtensibilityGlobals) = postSolution
		SolutionGuid = {45FD000C-A2F7-4986-B6A6-321F52D7C977}
	EndGlobalSection
EndGlobal
